PODS:
  - Alamofire (4.0.1)
  - MOBFoundation (2.2.3)
  - ObjectMapper (2.2.1)
  - ShareSDK2 (2.12.5):
    - ShareSDK2/Core (= 2.12.5)
  - ShareSDK2/Connection/QQ (2.12.5):
    - ShareSDK2/Extend/QQConnectSDK
  - ShareSDK2/Connection/QZone (2.12.5):
    - ShareSDK2/Extend/QQConnectSDK
  - ShareSDK2/Connection/SinaWeibo (2.12.5):
    - ShareSDK2/Extend/SinaWeiboSDK
  - ShareSDK2/Connection/TencentWeibo (2.12.5)
  - ShareSDK2/Connection/WeChat (2.12.5):
    - ShareSDK2/Extend/WeChatSDK
  - ShareSDK2/Core (2.12.5)
  - ShareSDK2/Extend/QQConnectSDK (2.12.5)
  - ShareSDK2/Extend/SinaWeiboSDK (2.12.5)
  - ShareSDK2/Extend/WeChatSDK (2.12.5)
  - ShareSDK2/UI (2.12.5):
    - ShareSDK2/UI/Flat (= 2.12.5)
    - ShareSDK2/UI/iPadDefault (= 2.12.5)
    - ShareSDK2/UI/iPadSimple (= 2.12.5)
    - ShareSDK2/UI/iPhoneAppRecommend (= 2.12.5)
    - ShareSDK2/UI/iPhoneDefault (= 2.12.5)
    - ShareSDK2/UI/iPhoneSimple (= 2.12.5)
  - ShareSDK2/UI/Flat (2.12.5)
  - ShareSDK2/UI/iPadDefault (2.12.5)
  - ShareSDK2/UI/iPadSimple (2.12.5)
  - ShareSDK2/UI/iPhoneAppRecommend (2.12.5)
  - ShareSDK2/UI/iPhoneDefault (2.12.5)
  - ShareSDK2/UI/iPhoneSimple (2.12.5)

DEPENDENCIES:
  - Alamofire (from `../github/Alamofire`)
  - MOBFoundation (~> 2.2.3)
  - ObjectMapper (~> 2.2.1)
  - ShareSDK2 (~> 2.12.5)
  - ShareSDK2/Connection/QQ (~> 2.12.5)
  - ShareSDK2/Connection/QZone (~> 2.12.5)
  - ShareSDK2/Connection/SinaWeibo (~> 2.12.5)
  - ShareSDK2/Connection/TencentWeibo (~> 2.12.5)
  - ShareSDK2/Connection/WeChat (~> 2.12.5)
  - ShareSDK2/UI (~> 2.12.5)

EXTERNAL SOURCES:
  Alamofire:
    :path: "../github/Alamofire"

SPEC CHECKSUMS:
  Alamofire: d8ab1487ca8accacde5d0c65ae8144bdf9a264b8
  MOBFoundation: 2bc5cd7011a2db75cf2b3ceacb7f4227eec88f3e
  ObjectMapper: 41e43e1a89f8060ef5ea5d04ba852e269a621d68
  ShareSDK2: c076a9ea57d9d87650130b8071f2bcf0f169cb94

PODFILE CHECKSUM: a4690d334c5d8d113e8e460c1de4bdd60f1e8f59

COCOAPODS: 1.1.1
